
Microsoft Visual Studio Solution File, Format Version 12.00
# Visual Studio Version 16
VisualStudioVersion = 16.0.31613.86
MinimumVisualStudioVersion = 10.0.40219.1
Project("{9A19103F-16F7-4668-BE54-9A1E7A4F7556}") = "Calendar", "Calendar.csproj", "{1EADFB6C-4496-42C2-A80F-84FEC3F061D1}"
EndProject
Global
	GlobalSection(SolutionConfigurationPlatforms) = preSolution
		Debug|Any CPU = Debug|Any CPU
		Release|Any CPU = Release|Any CPU
	EndGlobalSection
	GlobalSection(ProjectConfigurationPlatforms) = postSolution
		{1EADFB6C-4496-42C2-A80F-84FEC3F061D1}.Debug|Any CPU.ActiveCfg = Debug|Any CPU
		{1EADFB6C-4496-42C2-A80F-84FEC3F061D1}.Debug|Any CPU.Build.0 = Debug|Any CPU
		{1EADFB6C-4496-42C2-A80F-84FEC3F061D1}.Release|Any CPU.ActiveCfg = Release|Any CPU
		{1EADFB6C-4496-42C2-A80F-84FEC3F061D1}.Release|Any CPU.Build.0 = Release|Any CPU
	EndGlobalSection
	GlobalSection(SolutionProperties) = preSolution
		HideSolutionNode = FALSE
	EndGlobalSection
	GlobalSection(ExtensibilityGlobals) = postSolution
		SolutionGuid = {1B423C35-492F-4AF8-97FC-BEC69B44EC8D}
	EndGlobalSection
EndGlobal
