
Microsoft Visual Studio Solution File, Format Version 12.00
# Visual Studio Version 16
VisualStudioVersion = 16.0.31129.286
MinimumVisualStudioVersion = 10.0.40219.1
Project("{9A19103F-16F7-4668-BE54-9A1E7A4F7556}") = "TrainGame", "Train\TrainGame.csproj", "{42617537-4E7C-4082-A17B-7F18DFA04C35}"
EndProject
Project("{9A19103F-16F7-4668-BE54-9A1E7A4F7556}") = "TrainTests", "TrainTests\TrainTests.csproj", "{B967AA46-78F2-44F8-A30D-85D35F625991}"
EndProject
Global
	GlobalSection(SolutionConfigurationPlatforms) = preSolution
		Debug|Any CPU = Debug|Any CPU
		Release|Any CPU = Release|Any CPU
	EndGlobalSection
	GlobalSection(ProjectConfigurationPlatforms) = postSolution
		{42617537-4E7C-4082-A17B-7F18DFA04C35}.Debug|Any CPU.ActiveCfg = Debug|Any CPU
		{42617537-4E7C-4082-A17B-7F18DFA04C35}.Debug|Any CPU.Build.0 = Debug|Any CPU
		{42617537-4E7C-4082-A17B-7F18DFA04C35}.Release|Any CPU.ActiveCfg = Release|Any CPU
		{42617537-4E7C-4082-A17B-7F18DFA04C35}.Release|Any CPU.Build.0 = Release|Any CPU
		{B967AA46-78F2-44F8-A30D-85D35F625991}.Debug|Any CPU.ActiveCfg = Debug|Any CPU
		{B967AA46-78F2-44F8-A30D-85D35F625991}.Debug|Any CPU.Build.0 = Debug|Any CPU
		{B967AA46-78F2-44F8-A30D-85D35F625991}.Release|Any CPU.ActiveCfg = Release|Any CPU
		{B967AA46-78F2-44F8-A30D-85D35F625991}.Release|Any CPU.Build.0 = Release|Any CPU
	EndGlobalSection
	GlobalSection(SolutionProperties) = preSolution
		HideSolutionNode = FALSE
	EndGlobalSection
	GlobalSection(ExtensibilityGlobals) = postSolution
		SolutionGuid = {919F73B8-DE34-4992-9B05-E1FEC2D2F7C6}
	EndGlobalSection
EndGlobal
