
Microsoft Visual Studio Solution File, Format Version 12.00
# Visual Studio Version 16
VisualStudioVersion = 16.0.31321.278
MinimumVisualStudioVersion = 10.0.40219.1
Project("{778DAE3C-4631-46EA-AA77-85C1314464D9}") = "Banner", "Banner.vbproj", "{091ABE13-3E70-4848-B836-592F725915A3}"
EndProject
Global
	GlobalSection(SolutionConfigurationPlatforms) = preSolution
		Debug|Any CPU = Debug|Any CPU
		Release|Any CPU = Release|Any CPU
	EndGlobalSection
	GlobalSection(ProjectConfigurationPlatforms) = postSolution
		{091ABE13-3E70-4848-B836-592F725915A3}.Debug|Any CPU.ActiveCfg = Debug|Any CPU
		{091ABE13-3E70-4848-B836-592F725915A3}.Debug|Any CPU.Build.0 = Debug|Any CPU
		{091ABE13-3E70-4848-B836-592F725915A3}.Release|Any CPU.ActiveCfg = Release|Any CPU
		{091ABE13-3E70-4848-B836-592F725915A3}.Release|Any CPU.Build.0 = Release|Any CPU
	EndGlobalSection
	GlobalSection(SolutionProperties) = preSolution
		HideSolutionNode = FALSE
	EndGlobalSection
	GlobalSection(ExtensibilityGlobals) = postSolution
		SolutionGuid = {04E18CE1-1C55-432F-A15A-DC2FA9DDC0F1}
	EndGlobalSection
EndGlobal
