
Microsoft Visual Studio Solution File, Format Version 12.00
# Visual Studio Version 16
VisualStudioVersion = 16.0.31321.278
MinimumVisualStudioVersion = 10.0.40219.1
Project("{9A19103F-16F7-4668-BE54-9A1E7A4F7556}") = "Game", "Game.csproj", "{BADD262D-D540-431F-8803-2A6F80C22033}"
EndProject
Global
	GlobalSection(SolutionConfigurationPlatforms) = preSolution
		Debug|Any CPU = Debug|Any CPU
		Release|Any CPU = Release|Any CPU
	EndGlobalSection
	GlobalSection(ProjectConfigurationPlatforms) = postSolution
		{BADD262D-D540-431F-8803-2A6F80C22033}.Debug|Any CPU.ActiveCfg = Debug|Any CPU
		{BADD262D-D540-431F-8803-2A6F80C22033}.Debug|Any CPU.Build.0 = Debug|Any CPU
		{BADD262D-D540-431F-8803-2A6F80C22033}.Release|Any CPU.ActiveCfg = Release|Any CPU
		{BADD262D-D540-431F-8803-2A6F80C22033}.Release|Any CPU.Build.0 = Release|Any CPU
	EndGlobalSection
	GlobalSection(SolutionProperties) = preSolution
		HideSolutionNode = FALSE
	EndGlobalSection
	GlobalSection(ExtensibilityGlobals) = postSolution
		SolutionGuid = {C78DBA4A-87E2-4B31-A261-4AEF5E4C3B12}
	EndGlobalSection
EndGlobal
