
Microsoft Visual Studio Solution File, Format Version 12.00
# Visual Studio Version 17
VisualStudioVersion = 17.0.32014.148
MinimumVisualStudioVersion = 10.0.40219.1
Project("{778DAE3C-4631-46EA-AA77-85C1314464D9}") = "Batnum", "Batnum.vbproj", "{D577E429-F84D-4E84-86E7-E6526CFD5FD9}"
EndProject
Global
	GlobalSection(SolutionConfigurationPlatforms) = preSolution
		Debug|Any CPU = Debug|Any CPU
		Release|Any CPU = Release|Any CPU
	EndGlobalSection
	GlobalSection(ProjectConfigurationPlatforms) = postSolution
		{D577E429-F84D-4E84-86E7-E6526CFD5FD9}.Debug|Any CPU.ActiveCfg = Debug|Any CPU
		{D577E429-F84D-4E84-86E7-E6526CFD5FD9}.Debug|Any CPU.Build.0 = Debug|Any CPU
		{D577E429-F84D-4E84-86E7-E6526CFD5FD9}.Release|Any CPU.ActiveCfg = Release|Any CPU
		{D577E429-F84D-4E84-86E7-E6526CFD5FD9}.Release|Any CPU.Build.0 = Release|Any CPU
	EndGlobalSection
	GlobalSection(SolutionProperties) = preSolution
		HideSolutionNode = FALSE
	EndGlobalSection
	GlobalSection(ExtensibilityGlobals) = postSolution
		SolutionGuid = {426DF7FE-66E7-4319-9AD8-7A2DD3964A2F}
	EndGlobalSection
EndGlobal
