
Microsoft Visual Studio Solution File, Format Version 12.00
# Visual Studio Version 16
VisualStudioVersion = 16.0.30114.105
MinimumVisualStudioVersion = 10.0.40219.1
Project("{2150E333-8FDC-42A3-9474-1A3956D46DE8}") = "src", "src", "{EBE7BC2B-8F2E-41D5-AF36-7AAC7CE0E1BF}"
EndProject
Project("{FAE04EC0-301F-11D3-BF4B-00C04F79EFBC}") = "hurkle", "src\hurkle\hurkle.csproj", "{47578EC1-A012-4BF7-8709-64F675E72DB0}"
EndProject
Global
	GlobalSection(SolutionConfigurationPlatforms) = preSolution
		Debug|Any CPU = Debug|Any CPU
		Release|Any CPU = Release|Any CPU
	EndGlobalSection
	GlobalSection(SolutionProperties) = preSolution
		HideSolutionNode = FALSE
	EndGlobalSection
	GlobalSection(ProjectConfigurationPlatforms) = postSolution
		{47578EC1-A012-4BF7-8709-64F675E72DB0}.Debug|Any CPU.ActiveCfg = Debug|Any CPU
		{47578EC1-A012-4BF7-8709-64F675E72DB0}.Debug|Any CPU.Build.0 = Debug|Any CPU
		{47578EC1-A012-4BF7-8709-64F675E72DB0}.Release|Any CPU.ActiveCfg = Release|Any CPU
		{47578EC1-A012-4BF7-8709-64F675E72DB0}.Release|Any CPU.Build.0 = Release|Any CPU
	EndGlobalSection
	GlobalSection(NestedProjects) = preSolution
		{47578EC1-A012-4BF7-8709-64F675E72DB0} = {EBE7BC2B-8F2E-41D5-AF36-7AAC7CE0E1BF}
	EndGlobalSection
EndGlobal
