
Microsoft Visual Studio Solution File, Format Version 12.00
# Visual Studio Version 16
VisualStudioVersion = 16.0.810.16
MinimumVisualStudioVersion = 10.0.40219.1
Project("{FAE04EC0-301F-11D3-BF4B-00C04F79EFBC}") = "Change", "Change.csproj", "{AE094667-8496-4ECF-8B42-B1648EE26073}"
EndProject
Global
	GlobalSection(SolutionConfigurationPlatforms) = preSolution
		Debug|Any CPU = Debug|Any CPU
		Release|Any CPU = Release|Any CPU
	EndGlobalSection
	GlobalSection(ProjectConfigurationPlatforms) = postSolution
		{AE094667-8496-4ECF-8B42-B1648EE26073}.Debug|Any CPU.ActiveCfg = Debug|Any CPU
		{AE094667-8496-4ECF-8B42-B1648EE26073}.Debug|Any CPU.Build.0 = Debug|Any CPU
		{AE094667-8496-4ECF-8B42-B1648EE26073}.Release|Any CPU.ActiveCfg = Release|Any CPU
		{AE094667-8496-4ECF-8B42-B1648EE26073}.Release|Any CPU.Build.0 = Release|Any CPU
	EndGlobalSection
	GlobalSection(SolutionProperties) = preSolution
		HideSolutionNode = FALSE
	EndGlobalSection
	GlobalSection(ExtensibilityGlobals) = postSolution
		SolutionGuid = {65684CBD-CD74-46AF-8E9E-0F69DCF72697}
	EndGlobalSection
EndGlobal
