
Microsoft Visual Studio Solution File, Format Version 12.00
# Visual Studio Version 17
VisualStudioVersion = 17.0.32014.148
MinimumVisualStudioVersion = 15.0.26124.0
Project("{9A19103F-16F7-4668-BE54-9A1E7A4F7556}") = "Target", "Target.csproj", "{DF03CFDB-2857-4416-A07A-80D84874F46E}"
EndProject
Global
	GlobalSection(SolutionConfigurationPlatforms) = preSolution
		Debug|Any CPU = Debug|Any CPU
		Release|Any CPU = Release|Any CPU
	EndGlobalSection
	GlobalSection(ProjectConfigurationPlatforms) = postSolution
		{DF03CFDB-2857-4416-A07A-80D84874F46E}.Debug|Any CPU.ActiveCfg = Debug|Any CPU
		{DF03CFDB-2857-4416-A07A-80D84874F46E}.Debug|Any CPU.Build.0 = Debug|Any CPU
		{DF03CFDB-2857-4416-A07A-80D84874F46E}.Release|Any CPU.ActiveCfg = Release|Any CPU
		{DF03CFDB-2857-4416-A07A-80D84874F46E}.Release|Any CPU.Build.0 = Release|Any CPU
	EndGlobalSection
	GlobalSection(SolutionProperties) = preSolution
		HideSolutionNode = FALSE
	EndGlobalSection
	GlobalSection(ExtensibilityGlobals) = postSolution
		SolutionGuid = {B49DF932-4DF9-44C3-B63F-FD9443B4DDD2}
	EndGlobalSection
EndGlobal
