
Microsoft Visual Studio Solution File, Format Version 12.00
# Visual Studio Version 16
VisualStudioVersion = 16.0.30114.105
MinimumVisualStudioVersion = 10.0.40219.1
Project("{FAE04EC0-301F-11D3-BF4B-00C04F79EFBC}") = "tictactoe1", "tictactoe1\tictactoe1.csproj", "{E0AF55BF-4C2B-41C6-B556-E8EC8C1BE647}"
EndProject
Project("{FAE04EC0-301F-11D3-BF4B-00C04F79EFBC}") = "tictactoe2", "tictactoe2\tictactoe2.csproj", "{B98682C9-132E-44F1-B288-8BE04CF53BCF}"
EndProject
Global
	GlobalSection(SolutionConfigurationPlatforms) = preSolution
		Debug|Any CPU = Debug|Any CPU
		Release|Any CPU = Release|Any CPU
	EndGlobalSection
	GlobalSection(SolutionProperties) = preSolution
		HideSolutionNode = FALSE
	EndGlobalSection
	GlobalSection(ProjectConfigurationPlatforms) = postSolution
		{E0AF55BF-4C2B-41C6-B556-E8EC8C1BE647}.Debug|Any CPU.ActiveCfg = Debug|Any CPU
		{E0AF55BF-4C2B-41C6-B556-E8EC8C1BE647}.Debug|Any CPU.Build.0 = Debug|Any CPU
		{E0AF55BF-4C2B-41C6-B556-E8EC8C1BE647}.Release|Any CPU.ActiveCfg = Release|Any CPU
		{E0AF55BF-4C2B-41C6-B556-E8EC8C1BE647}.Release|Any CPU.Build.0 = Release|Any CPU
		{B98682C9-132E-44F1-B288-8BE04CF53BCF}.Debug|Any CPU.ActiveCfg = Debug|Any CPU
		{B98682C9-132E-44F1-B288-8BE04CF53BCF}.Debug|Any CPU.Build.0 = Debug|Any CPU
		{B98682C9-132E-44F1-B288-8BE04CF53BCF}.Release|Any CPU.ActiveCfg = Release|Any CPU
		{B98682C9-132E-44F1-B288-8BE04CF53BCF}.Release|Any CPU.Build.0 = Release|Any CPU
	EndGlobalSection
EndGlobal
