
Microsoft Visual Studio Solution File, Format Version 12.00
# Visual Studio Version 16
VisualStudioVersion = 16.0.30114.105
MinimumVisualStudioVersion = 10.0.40219.1
Project("{FAE04EC0-301F-11D3-BF4B-00C04F79EFBC}") = "tictactoe1", "tictactoe1\tictactoe1.csproj", "{FE9379CF-AF73-43DA-8FEC-2BCA7FA13A5E}"
EndProject
Global
	GlobalSection(SolutionConfigurationPlatforms) = preSolution
		Debug|Any CPU = Debug|Any CPU
		Release|Any CPU = Release|Any CPU
	EndGlobalSection
	GlobalSection(SolutionProperties) = preSolution
		HideSolutionNode = FALSE
	EndGlobalSection
	GlobalSection(ProjectConfigurationPlatforms) = postSolution
		{FE9379CF-AF73-43DA-8FEC-2BCA7FA13A5E}.Debug|Any CPU.ActiveCfg = Debug|Any CPU
		{FE9379CF-AF73-43DA-8FEC-2BCA7FA13A5E}.Debug|Any CPU.Build.0 = Debug|Any CPU
		{FE9379CF-AF73-43DA-8FEC-2BCA7FA13A5E}.Release|Any CPU.ActiveCfg = Release|Any CPU
		{FE9379CF-AF73-43DA-8FEC-2BCA7FA13A5E}.Release|Any CPU.Build.0 = Release|Any CPU
	EndGlobalSection
EndGlobal
