
Microsoft Visual Studio Solution File, Format Version 12.00
# Visual Studio Version 17
VisualStudioVersion = 17.0.32014.148
MinimumVisualStudioVersion = 10.0.40219.1
Project("{9A19103F-16F7-4668-BE54-9A1E7A4F7556}") = "Mastermind", "Mastermind.csproj", "{AEC839CD-C6D3-4476-AA85-79B160AF78BE}"
EndProject
Global
	GlobalSection(SolutionConfigurationPlatforms) = preSolution
		Debug|Any CPU = Debug|Any CPU
		Release|Any CPU = Release|Any CPU
	EndGlobalSection
	GlobalSection(ProjectConfigurationPlatforms) = postSolution
		{AEC839CD-C6D3-4476-AA85-79B160AF78BE}.Debug|Any CPU.ActiveCfg = Debug|Any CPU
		{AEC839CD-C6D3-4476-AA85-79B160AF78BE}.Debug|Any CPU.Build.0 = Debug|Any CPU
		{AEC839CD-C6D3-4476-AA85-79B160AF78BE}.Release|Any CPU.ActiveCfg = Release|Any CPU
		{AEC839CD-C6D3-4476-AA85-79B160AF78BE}.Release|Any CPU.Build.0 = Release|Any CPU
	EndGlobalSection
	GlobalSection(SolutionProperties) = preSolution
		HideSolutionNode = FALSE
	EndGlobalSection
	GlobalSection(ExtensibilityGlobals) = postSolution
		SolutionGuid = {1BDFBEE6-8345-438C-8FCE-B2C9394CC080}
	EndGlobalSection
EndGlobal
