
Microsoft Visual Studio Solution File, Format Version 12.00
# Visual Studio Version 16
VisualStudioVersion = 16.0.31005.135
MinimumVisualStudioVersion = 10.0.40219.1
Project("{FAE04EC0-301F-11D3-BF4B-00C04F79EFBC}") = "SineWave", "SineWave\SineWave.csproj", "{B316DD7F-5755-4216-AFDC-D83720F8ACA2}"
EndProject
Global
	GlobalSection(SolutionConfigurationPlatforms) = preSolution
		Debug|Any CPU = Debug|Any CPU
		Release|Any CPU = Release|Any CPU
	EndGlobalSection
	GlobalSection(ProjectConfigurationPlatforms) = postSolution
		{B316DD7F-5755-4216-AFDC-D83720F8ACA2}.Debug|Any CPU.ActiveCfg = Debug|Any CPU
		{B316DD7F-5755-4216-AFDC-D83720F8ACA2}.Debug|Any CPU.Build.0 = Debug|Any CPU
		{B316DD7F-5755-4216-AFDC-D83720F8ACA2}.Release|Any CPU.ActiveCfg = Release|Any CPU
		{B316DD7F-5755-4216-AFDC-D83720F8ACA2}.Release|Any CPU.Build.0 = Release|Any CPU
	EndGlobalSection
	GlobalSection(SolutionProperties) = preSolution
		HideSolutionNode = FALSE
	EndGlobalSection
	GlobalSection(ExtensibilityGlobals) = postSolution
		SolutionGuid = {32A37343-2955-4124-8765-9143F6C529DC}
	EndGlobalSection
EndGlobal
