
Microsoft Visual Studio Solution File, Format Version 12.00
# Visual Studio Version 16
VisualStudioVersion = 16.0.31129.286
MinimumVisualStudioVersion = 10.0.40219.1
Project("{9A19103F-16F7-4668-BE54-9A1E7A4F7556}") = "Game", "Game.csproj", "{CBC9D8D9-9EDE-4D34-A20E-C90D929ABF8F}"
EndProject
Global
	GlobalSection(SolutionConfigurationPlatforms) = preSolution
		Debug|Any CPU = Debug|Any CPU
		Release|Any CPU = Release|Any CPU
	EndGlobalSection
	GlobalSection(ProjectConfigurationPlatforms) = postSolution
		{CBC9D8D9-9EDE-4D34-A20E-C90D929ABF8F}.Debug|Any CPU.ActiveCfg = Debug|Any CPU
		{CBC9D8D9-9EDE-4D34-A20E-C90D929ABF8F}.Debug|Any CPU.Build.0 = Debug|Any CPU
		{CBC9D8D9-9EDE-4D34-A20E-C90D929ABF8F}.Release|Any CPU.ActiveCfg = Release|Any CPU
		{CBC9D8D9-9EDE-4D34-A20E-C90D929ABF8F}.Release|Any CPU.Build.0 = Release|Any CPU
	EndGlobalSection
	GlobalSection(SolutionProperties) = preSolution
		HideSolutionNode = FALSE
	EndGlobalSection
	GlobalSection(ExtensibilityGlobals) = postSolution
		SolutionGuid = {738F08DD-89E9-44C5-B5AC-3F21C6AEEFA1}
	EndGlobalSection
EndGlobal
