
Microsoft Visual Studio Solution File, Format Version 12.00
# Visual Studio Version 17
VisualStudioVersion = 17.0.32014.148
MinimumVisualStudioVersion = 15.0.26124.0
Project("{9A19103F-16F7-4668-BE54-9A1E7A4F7556}") = "Hexapawn", "Hexapawn.csproj", "{785DA416-2609-4DB1-9F18-63CF6AC9927E}"
EndProject
Global
	GlobalSection(SolutionConfigurationPlatforms) = preSolution
		Debug|Any CPU = Debug|Any CPU
		Release|Any CPU = Release|Any CPU
	EndGlobalSection
	GlobalSection(ProjectConfigurationPlatforms) = postSolution
		{785DA416-2609-4DB1-9F18-63CF6AC9927E}.Debug|Any CPU.ActiveCfg = Debug|Any CPU
		{785DA416-2609-4DB1-9F18-63CF6AC9927E}.Debug|Any CPU.Build.0 = Debug|Any CPU
		{785DA416-2609-4DB1-9F18-63CF6AC9927E}.Release|Any CPU.ActiveCfg = Release|Any CPU
		{785DA416-2609-4DB1-9F18-63CF6AC9927E}.Release|Any CPU.Build.0 = Release|Any CPU
	EndGlobalSection
	GlobalSection(SolutionProperties) = preSolution
		HideSolutionNode = FALSE
	EndGlobalSection
	GlobalSection(ExtensibilityGlobals) = postSolution
		SolutionGuid = {D662AD9F-88B1-4AC9-83AD-DBFC08F384A8}
	EndGlobalSection
EndGlobal
