
Microsoft Visual Studio Solution File, Format Version 12.00
Project("{FAE04EC0-301F-11D3-BF4B-00C04F79EFBC}") = "Hangman", "Hangman.csproj", "{1C516A9E-F4F2-4C79-8C37-0162C403B1F7}"
EndProject
Global
	GlobalSection(SolutionConfigurationPlatforms) = preSolution
		Debug|Any CPU = Debug|Any CPU
		Release|Any CPU = Release|Any CPU
	EndGlobalSection
	GlobalSection(ProjectConfigurationPlatforms) = postSolution
		{1C516A9E-F4F2-4C79-8C37-0162C403B1F7}.Debug|Any CPU.ActiveCfg = Debug|Any CPU
		{1C516A9E-F4F2-4C79-8C37-0162C403B1F7}.Debug|Any CPU.Build.0 = Debug|Any CPU
		{1C516A9E-F4F2-4C79-8C37-0162C403B1F7}.Release|Any CPU.ActiveCfg = Release|Any CPU
		{1C516A9E-F4F2-4C79-8C37-0162C403B1F7}.Release|Any CPU.Build.0 = Release|Any CPU
	EndGlobalSection
EndGlobal
