
Microsoft Visual Studio Solution File, Format Version 12.00
# Visual Studio Version 16
VisualStudioVersion = 16.0.30114.105
MinimumVisualStudioVersion = 10.0.40219.1
Project("{F184B08F-C81C-45F6-A57F-5ABD9991F28F}") = "TwentyThreeMatches", "TwentyThreeMatches.vbproj", "{DEAA537A-6F73-4C2E-A85C-4B797B3D1900}"
EndProject
Global
	GlobalSection(SolutionConfigurationPlatforms) = preSolution
		Debug|Any CPU = Debug|Any CPU
		Release|Any CPU = Release|Any CPU
	EndGlobalSection
	GlobalSection(SolutionProperties) = preSolution
		HideSolutionNode = FALSE
	EndGlobalSection
	GlobalSection(ProjectConfigurationPlatforms) = postSolution
		{DEAA537A-6F73-4C2E-A85C-4B797B3D1900}.Debug|Any CPU.ActiveCfg = Debug|Any CPU
		{DEAA537A-6F73-4C2E-A85C-4B797B3D1900}.Debug|Any CPU.Build.0 = Debug|Any CPU
		{DEAA537A-6F73-4C2E-A85C-4B797B3D1900}.Release|Any CPU.ActiveCfg = Release|Any CPU
		{DEAA537A-6F73-4C2E-A85C-4B797B3D1900}.Release|Any CPU.Build.0 = Release|Any CPU
	EndGlobalSection
EndGlobal
