
Microsoft Visual Studio Solution File, Format Version 12.00
# Visual Studio Version 16
VisualStudioVersion = 16.0.30114.105
MinimumVisualStudioVersion = 10.0.40219.1
Project("{FAE04EC0-301F-11D3-BF4B-00C04F79EFBC}") = "Trap", "Trap.csproj", "{4386B4A0-16A9-48E7-8FBA-E35D4C9FEDAA}"
EndProject
Global
	GlobalSection(SolutionConfigurationPlatforms) = preSolution
		Debug|Any CPU = Debug|Any CPU
		Release|Any CPU = Release|Any CPU
	EndGlobalSection
	GlobalSection(SolutionProperties) = preSolution
		HideSolutionNode = FALSE
	EndGlobalSection
	GlobalSection(ProjectConfigurationPlatforms) = postSolution
		{4386B4A0-16A9-48E7-8FBA-E35D4C9FEDAA}.Debug|Any CPU.ActiveCfg = Debug|Any CPU
		{4386B4A0-16A9-48E7-8FBA-E35D4C9FEDAA}.Debug|Any CPU.Build.0 = Debug|Any CPU
		{4386B4A0-16A9-48E7-8FBA-E35D4C9FEDAA}.Release|Any CPU.ActiveCfg = Release|Any CPU
		{4386B4A0-16A9-48E7-8FBA-E35D4C9FEDAA}.Release|Any CPU.Build.0 = Release|Any CPU
	EndGlobalSection
EndGlobal
