
Microsoft Visual Studio Solution File, Format Version 12.00
# Visual Studio Version 16
VisualStudioVersion = 16.0.30114.105
MinimumVisualStudioVersion = 10.0.40219.1
Project("{F184B08F-C81C-45F6-A57F-5ABD9991F28F}") = "Horserace", "Horserace.vbproj", "{B44BF36F-DF93-4374-A3A0-C6D447B4D0A7}"
EndProject
Global
	GlobalSection(SolutionConfigurationPlatforms) = preSolution
		Debug|Any CPU = Debug|Any CPU
		Release|Any CPU = Release|Any CPU
	EndGlobalSection
	GlobalSection(SolutionProperties) = preSolution
		HideSolutionNode = FALSE
	EndGlobalSection
	GlobalSection(ProjectConfigurationPlatforms) = postSolution
		{B44BF36F-DF93-4374-A3A0-C6D447B4D0A7}.Debug|Any CPU.ActiveCfg = Debug|Any CPU
		{B44BF36F-DF93-4374-A3A0-C6D447B4D0A7}.Debug|Any CPU.Build.0 = Debug|Any CPU
		{B44BF36F-DF93-4374-A3A0-C6D447B4D0A7}.Release|Any CPU.ActiveCfg = Release|Any CPU
		{B44BF36F-DF93-4374-A3A0-C6D447B4D0A7}.Release|Any CPU.Build.0 = Release|Any CPU
	EndGlobalSection
EndGlobal
