
Microsoft Visual Studio Solution File, Format Version 12.00
# Visual Studio Version 16
VisualStudioVersion = 16.0.32002.261
MinimumVisualStudioVersion = 10.0.40219.1
Project("{FAE04EC0-301F-11D3-BF4B-00C04F79EFBC}") = "23matches", "23matches.csproj", "{9DBE7354-0749-4750-9224-5F9F95C64905}"
EndProject
Global
	GlobalSection(SolutionConfigurationPlatforms) = preSolution
		Debug|Any CPU = Debug|Any CPU
		Release|Any CPU = Release|Any CPU
	EndGlobalSection
	GlobalSection(ProjectConfigurationPlatforms) = postSolution
		{9DBE7354-0749-4750-9224-5F9F95C64905}.Debug|Any CPU.ActiveCfg = Debug|Any CPU
		{9DBE7354-0749-4750-9224-5F9F95C64905}.Debug|Any CPU.Build.0 = Debug|Any CPU
		{9DBE7354-0749-4750-9224-5F9F95C64905}.Release|Any CPU.ActiveCfg = Release|Any CPU
		{9DBE7354-0749-4750-9224-5F9F95C64905}.Release|Any CPU.Build.0 = Release|Any CPU
	EndGlobalSection
	GlobalSection(SolutionProperties) = preSolution
		HideSolutionNode = FALSE
	EndGlobalSection
	GlobalSection(ExtensibilityGlobals) = postSolution
		SolutionGuid = {0A87AE2F-68AC-4354-9C8D-578209D41174}
	EndGlobalSection
EndGlobal
