
Microsoft Visual Studio Solution File, Format Version 12.00
# Visual Studio Version 16
VisualStudioVersion = 16.0.30114.105
MinimumVisualStudioVersion = 10.0.40219.1
Project("{F184B08F-C81C-45F6-A57F-5ABD9991F28F}") = "Craps", "Craps.vbproj", "{297AA824-815F-4E2B-948C-BDAD2266C5AF}"
EndProject
Global
	GlobalSection(SolutionConfigurationPlatforms) = preSolution
		Debug|Any CPU = Debug|Any CPU
		Release|Any CPU = Release|Any CPU
	EndGlobalSection
	GlobalSection(SolutionProperties) = preSolution
		HideSolutionNode = FALSE
	EndGlobalSection
	GlobalSection(ProjectConfigurationPlatforms) = postSolution
		{297AA824-815F-4E2B-948C-BDAD2266C5AF}.Debug|Any CPU.ActiveCfg = Debug|Any CPU
		{297AA824-815F-4E2B-948C-BDAD2266C5AF}.Debug|Any CPU.Build.0 = Debug|Any CPU
		{297AA824-815F-4E2B-948C-BDAD2266C5AF}.Release|Any CPU.ActiveCfg = Release|Any CPU
		{297AA824-815F-4E2B-948C-BDAD2266C5AF}.Release|Any CPU.Build.0 = Release|Any CPU
	EndGlobalSection
EndGlobal
