
Microsoft Visual Studio Solution File, Format Version 12.00
# Visual Studio Version 16
VisualStudioVersion = 16.0.30709.132
MinimumVisualStudioVersion = 10.0.40219.1
Project("{FAE04EC0-301F-11D3-BF4B-00C04F79EFBC}") = "AceyDucey", "AceyDucey.csproj", "{A8FE2F04-3DFE-4254-BD5B-281DC8E30B1C}"
EndProject
Global
	GlobalSection(SolutionConfigurationPlatforms) = preSolution
		Debug|Any CPU = Debug|Any CPU
		Release|Any CPU = Release|Any CPU
	EndGlobalSection
	GlobalSection(ProjectConfigurationPlatforms) = postSolution
		{A8FE2F04-3DFE-4254-BD5B-281DC8E30B1C}.Debug|Any CPU.ActiveCfg = Debug|Any CPU
		{A8FE2F04-3DFE-4254-BD5B-281DC8E30B1C}.Debug|Any CPU.Build.0 = Debug|Any CPU
		{A8FE2F04-3DFE-4254-BD5B-281DC8E30B1C}.Release|Any CPU.ActiveCfg = Release|Any CPU
		{A8FE2F04-3DFE-4254-BD5B-281DC8E30B1C}.Release|Any CPU.Build.0 = Release|Any CPU
	EndGlobalSection
	GlobalSection(SolutionProperties) = preSolution
		HideSolutionNode = FALSE
	EndGlobalSection
	GlobalSection(ExtensibilityGlobals) = postSolution
		SolutionGuid = {F620B340-EB7A-48C1-B12F-9D3D94AE7771}
	EndGlobalSection
EndGlobal
