
Microsoft Visual Studio Solution File, Format Version 12.00
# Visual Studio Version 16
VisualStudioVersion = 16.0.31005.135
MinimumVisualStudioVersion = 10.0.40219.1
Project("{9A19103F-16F7-4668-BE54-9A1E7A4F7556}") = "Battle", "Battle.csproj", "{154E5E43-053B-4FB1-88D0-ED7166464257}"
EndProject
Global
	GlobalSection(SolutionConfigurationPlatforms) = preSolution
		Debug|Any CPU = Debug|Any CPU
		Release|Any CPU = Release|Any CPU
	EndGlobalSection
	GlobalSection(ProjectConfigurationPlatforms) = postSolution
		{154E5E43-053B-4FB1-88D0-ED7166464257}.Debug|Any CPU.ActiveCfg = Debug|Any CPU
		{154E5E43-053B-4FB1-88D0-ED7166464257}.Debug|Any CPU.Build.0 = Debug|Any CPU
		{154E5E43-053B-4FB1-88D0-ED7166464257}.Release|Any CPU.ActiveCfg = Release|Any CPU
		{154E5E43-053B-4FB1-88D0-ED7166464257}.Release|Any CPU.Build.0 = Release|Any CPU
	EndGlobalSection
	GlobalSection(SolutionProperties) = preSolution
		HideSolutionNode = FALSE
	EndGlobalSection
	GlobalSection(ExtensibilityGlobals) = postSolution
		SolutionGuid = {5CC3AC8C-6CEC-4FD6-B5A0-B2376B37C42F}
	EndGlobalSection
EndGlobal
