
Microsoft Visual Studio Solution File, Format Version 12.00
# Visual Studio Version 16
VisualStudioVersion = 16.0.32002.261
MinimumVisualStudioVersion = 10.0.40219.1
Project("{FAE04EC0-301F-11D3-BF4B-00C04F79EFBC}") = "Reverse", "Reverse\Reverse.csproj", "{39463B63-6A71-4DCF-A4F2-FAA74FDEEC01}"
EndProject
Project("{FAE04EC0-301F-11D3-BF4B-00C04F79EFBC}") = "Reverse.Tests", "Reverse.Tests\Reverse.Tests.csproj", "{96E824F8-0353-4FF2-9FEA-F850E2BE7312}"
EndProject
Global
	GlobalSection(SolutionConfigurationPlatforms) = preSolution
		Debug|Any CPU = Debug|Any CPU
		Release|Any CPU = Release|Any CPU
	EndGlobalSection
	GlobalSection(ProjectConfigurationPlatforms) = postSolution
		{39463B63-6A71-4DCF-A4F2-FAA74FDEEC01}.Debug|Any CPU.ActiveCfg = Debug|Any CPU
		{39463B63-6A71-4DCF-A4F2-FAA74FDEEC01}.Debug|Any CPU.Build.0 = Debug|Any CPU
		{39463B63-6A71-4DCF-A4F2-FAA74FDEEC01}.Release|Any CPU.ActiveCfg = Release|Any CPU
		{39463B63-6A71-4DCF-A4F2-FAA74FDEEC01}.Release|Any CPU.Build.0 = Release|Any CPU
		{96E824F8-0353-4FF2-9FEA-F850E2BE7312}.Debug|Any CPU.ActiveCfg = Debug|Any CPU
		{96E824F8-0353-4FF2-9FEA-F850E2BE7312}.Debug|Any CPU.Build.0 = Debug|Any CPU
		{96E824F8-0353-4FF2-9FEA-F850E2BE7312}.Release|Any CPU.ActiveCfg = Release|Any CPU
		{96E824F8-0353-4FF2-9FEA-F850E2BE7312}.Release|Any CPU.Build.0 = Release|Any CPU
	EndGlobalSection
	GlobalSection(SolutionProperties) = preSolution
		HideSolutionNode = FALSE
	EndGlobalSection
	GlobalSection(ExtensibilityGlobals) = postSolution
		SolutionGuid = {1DCA2723-D126-4B37-A698-D40DA03643A9}
	EndGlobalSection
EndGlobal
