
Microsoft Visual Studio Solution File, Format Version 12.00
# Visual Studio Version 16
VisualStudioVersion = 16.0.31005.135
MinimumVisualStudioVersion = 10.0.40219.1
Project("{9A19103F-16F7-4668-BE54-9A1E7A4F7556}") = "Name", "Name.csproj", "{B63B5D5C-C5E0-4EFE-9EF4-292915DCC22D}"
EndProject
Global
	GlobalSection(SolutionConfigurationPlatforms) = preSolution
		Debug|Any CPU = Debug|Any CPU
		Release|Any CPU = Release|Any CPU
	EndGlobalSection
	GlobalSection(ProjectConfigurationPlatforms) = postSolution
		{B63B5D5C-C5E0-4EFE-9EF4-292915DCC22D}.Debug|Any CPU.ActiveCfg = Debug|Any CPU
		{B63B5D5C-C5E0-4EFE-9EF4-292915DCC22D}.Debug|Any CPU.Build.0 = Debug|Any CPU
		{B63B5D5C-C5E0-4EFE-9EF4-292915DCC22D}.Release|Any CPU.ActiveCfg = Release|Any CPU
		{B63B5D5C-C5E0-4EFE-9EF4-292915DCC22D}.Release|Any CPU.Build.0 = Release|Any CPU
	EndGlobalSection
	GlobalSection(SolutionProperties) = preSolution
		HideSolutionNode = FALSE
	EndGlobalSection
	GlobalSection(ExtensibilityGlobals) = postSolution
		SolutionGuid = {FCD5BEAE-D35E-49A7-B8F3-B8B3F4A8C624}
	EndGlobalSection
EndGlobal
