
Microsoft Visual Studio Solution File, Format Version 12.00
# Visual Studio Version 16
VisualStudioVersion = 16.0.31005.135
MinimumVisualStudioVersion = 10.0.40219.1
Project("{9A19103F-16F7-4668-BE54-9A1E7A4F7556}") = "Chemist", "Chemist.csproj", "{C16545E8-E078-4C69-B7CA-9D821C944252}"
EndProject
Global
	GlobalSection(SolutionConfigurationPlatforms) = preSolution
		Debug|Any CPU = Debug|Any CPU
		Release|Any CPU = Release|Any CPU
	EndGlobalSection
	GlobalSection(ProjectConfigurationPlatforms) = postSolution
		{C16545E8-E078-4C69-B7CA-9D821C944252}.Debug|Any CPU.ActiveCfg = Debug|Any CPU
		{C16545E8-E078-4C69-B7CA-9D821C944252}.Debug|Any CPU.Build.0 = Debug|Any CPU
		{C16545E8-E078-4C69-B7CA-9D821C944252}.Release|Any CPU.ActiveCfg = Release|Any CPU
		{C16545E8-E078-4C69-B7CA-9D821C944252}.Release|Any CPU.Build.0 = Release|Any CPU
	EndGlobalSection
	GlobalSection(SolutionProperties) = preSolution
		HideSolutionNode = FALSE
	EndGlobalSection
	GlobalSection(ExtensibilityGlobals) = postSolution
		SolutionGuid = {4AFDA581-82B1-42C7-9C9C-26F6B4288584}
	EndGlobalSection
EndGlobal
