
Microsoft Visual Studio Solution File, Format Version 12.00
# Visual Studio Version 16
VisualStudioVersion = 16.0.30114.105
MinimumVisualStudioVersion = 10.0.40219.1
Project("{9A19103F-16F7-4668-BE54-9A1E7A4F7556}") = "HiLo", "HiLo.csproj", "{C4D0FAB6-056D-4DD2-827D-3383BE0AA382}"
EndProject
Global
	GlobalSection(SolutionConfigurationPlatforms) = preSolution
		Debug|Any CPU = Debug|Any CPU
		Release|Any CPU = Release|Any CPU
	EndGlobalSection
	GlobalSection(ProjectConfigurationPlatforms) = postSolution
		{C4D0FAB6-056D-4DD2-827D-3383BE0AA382}.Debug|Any CPU.ActiveCfg = Debug|Any CPU
		{C4D0FAB6-056D-4DD2-827D-3383BE0AA382}.Debug|Any CPU.Build.0 = Debug|Any CPU
		{C4D0FAB6-056D-4DD2-827D-3383BE0AA382}.Release|Any CPU.ActiveCfg = Release|Any CPU
		{C4D0FAB6-056D-4DD2-827D-3383BE0AA382}.Release|Any CPU.Build.0 = Release|Any CPU
	EndGlobalSection
	GlobalSection(SolutionProperties) = preSolution
		HideSolutionNode = FALSE
	EndGlobalSection
	GlobalSection(ExtensibilityGlobals) = postSolution
		SolutionGuid = {BF77DB59-426B-4A01-A8AC-09AAF42DA633}
	EndGlobalSection
EndGlobal
