
Microsoft Visual Studio Solution File, Format Version 12.00
# Visual Studio Version 17
VisualStudioVersion = 17.0.32014.148
MinimumVisualStudioVersion = 10.0.40219.1
Project("{9A19103F-16F7-4668-BE54-9A1E7A4F7556}") = "Hammurabi", "Hammurabi.csproj", "{2C4407AF-5ED6-4C9F-833E-35461DF7DBBB}"
EndProject
Global
	GlobalSection(SolutionConfigurationPlatforms) = preSolution
		Debug|Any CPU = Debug|Any CPU
		Release|Any CPU = Release|Any CPU
	EndGlobalSection
	GlobalSection(ProjectConfigurationPlatforms) = postSolution
		{2C4407AF-5ED6-4C9F-833E-35461DF7DBBB}.Debug|Any CPU.ActiveCfg = Debug|Any CPU
		{2C4407AF-5ED6-4C9F-833E-35461DF7DBBB}.Debug|Any CPU.Build.0 = Debug|Any CPU
		{2C4407AF-5ED6-4C9F-833E-35461DF7DBBB}.Release|Any CPU.ActiveCfg = Release|Any CPU
		{2C4407AF-5ED6-4C9F-833E-35461DF7DBBB}.Release|Any CPU.Build.0 = Release|Any CPU
	EndGlobalSection
	GlobalSection(SolutionProperties) = preSolution
		HideSolutionNode = FALSE
	EndGlobalSection
	GlobalSection(ExtensibilityGlobals) = postSolution
		SolutionGuid = {89DBE213-C0F0-4ABA-BB2D-5D9AAED41FF6}
	EndGlobalSection
EndGlobal
