
Microsoft Visual Studio Solution File, Format Version 12.00
# Visual Studio Version 16
VisualStudioVersion = 16.0.30114.105
MinimumVisualStudioVersion = 10.0.40219.1
Project("{F184B08F-C81C-45F6-A57F-5ABD9991F28F}") = "TicTacToe", "TicTacToe.vbproj", "{5B43817F-EEF6-4298-BADF-69203BE7D088}"
EndProject
Global
	GlobalSection(SolutionConfigurationPlatforms) = preSolution
		Debug|Any CPU = Debug|Any CPU
		Release|Any CPU = Release|Any CPU
	EndGlobalSection
	GlobalSection(SolutionProperties) = preSolution
		HideSolutionNode = FALSE
	EndGlobalSection
	GlobalSection(ProjectConfigurationPlatforms) = postSolution
		{5B43817F-EEF6-4298-BADF-69203BE7D088}.Debug|Any CPU.ActiveCfg = Debug|Any CPU
		{5B43817F-EEF6-4298-BADF-69203BE7D088}.Debug|Any CPU.Build.0 = Debug|Any CPU
		{5B43817F-EEF6-4298-BADF-69203BE7D088}.Release|Any CPU.ActiveCfg = Release|Any CPU
		{5B43817F-EEF6-4298-BADF-69203BE7D088}.Release|Any CPU.Build.0 = Release|Any CPU
	EndGlobalSection
EndGlobal
