
Microsoft Visual Studio Solution File, Format Version 12.00
# Visual Studio Version 17
VisualStudioVersion = 17.0.32014.148
MinimumVisualStudioVersion = 15.0.26124.0
Project("{9A19103F-16F7-4668-BE54-9A1E7A4F7556}") = "Mugwump", "Mugwump.csproj", "{DB23BDB0-10A4-4771-B942-E646A1A5C416}"
EndProject
Global
	GlobalSection(SolutionConfigurationPlatforms) = preSolution
		Debug|Any CPU = Debug|Any CPU
		Release|Any CPU = Release|Any CPU
	EndGlobalSection
	GlobalSection(ProjectConfigurationPlatforms) = postSolution
		{DB23BDB0-10A4-4771-B942-E646A1A5C416}.Debug|Any CPU.ActiveCfg = Debug|Any CPU
		{DB23BDB0-10A4-4771-B942-E646A1A5C416}.Debug|Any CPU.Build.0 = Debug|Any CPU
		{DB23BDB0-10A4-4771-B942-E646A1A5C416}.Release|Any CPU.ActiveCfg = Release|Any CPU
		{DB23BDB0-10A4-4771-B942-E646A1A5C416}.Release|Any CPU.Build.0 = Release|Any CPU
	EndGlobalSection
	GlobalSection(SolutionProperties) = preSolution
		HideSolutionNode = FALSE
	EndGlobalSection
	GlobalSection(ExtensibilityGlobals) = postSolution
		SolutionGuid = {1FE34948-9066-4F57-A4C1-423293A430C5}
	EndGlobalSection
EndGlobal
