
Microsoft Visual Studio Solution File, Format Version 12.00
# Visual Studio Version 17
VisualStudioVersion = 17.0.32014.148
MinimumVisualStudioVersion = 15.0.26124.0
Project("{9A19103F-16F7-4668-BE54-9A1E7A4F7556}") = "Tower", "Tower.csproj", "{EEED33AD-3DE2-49AA-8AF1-2174C510E128}"
EndProject
Global
	GlobalSection(SolutionConfigurationPlatforms) = preSolution
		Debug|Any CPU = Debug|Any CPU
		Release|Any CPU = Release|Any CPU
	EndGlobalSection
	GlobalSection(ProjectConfigurationPlatforms) = postSolution
		{EEED33AD-3DE2-49AA-8AF1-2174C510E128}.Debug|Any CPU.ActiveCfg = Debug|Any CPU
		{EEED33AD-3DE2-49AA-8AF1-2174C510E128}.Debug|Any CPU.Build.0 = Debug|Any CPU
		{EEED33AD-3DE2-49AA-8AF1-2174C510E128}.Release|Any CPU.ActiveCfg = Release|Any CPU
		{EEED33AD-3DE2-49AA-8AF1-2174C510E128}.Release|Any CPU.Build.0 = Release|Any CPU
	EndGlobalSection
	GlobalSection(SolutionProperties) = preSolution
		HideSolutionNode = FALSE
	EndGlobalSection
	GlobalSection(ExtensibilityGlobals) = postSolution
		SolutionGuid = {BDCB8278-62ED-46E3-92C2-FF572E0E3ED3}
	EndGlobalSection
EndGlobal
