
Microsoft Visual Studio Solution File, Format Version 12.00
# Visual Studio Version 16
VisualStudioVersion = 16.0.30114.105
MinimumVisualStudioVersion = 10.0.40219.1
Project("{F184B08F-C81C-45F6-A57F-5ABD9991F28F}") = "Nim", "Nim.vbproj", "{224F08AA-BE60-4B49-877F-36F239C56F6F}"
EndProject
Global
	GlobalSection(SolutionConfigurationPlatforms) = preSolution
		Debug|Any CPU = Debug|Any CPU
		Release|Any CPU = Release|Any CPU
	EndGlobalSection
	GlobalSection(SolutionProperties) = preSolution
		HideSolutionNode = FALSE
	EndGlobalSection
	GlobalSection(ProjectConfigurationPlatforms) = postSolution
		{224F08AA-BE60-4B49-877F-36F239C56F6F}.Debug|Any CPU.ActiveCfg = Debug|Any CPU
		{224F08AA-BE60-4B49-877F-36F239C56F6F}.Debug|Any CPU.Build.0 = Debug|Any CPU
		{224F08AA-BE60-4B49-877F-36F239C56F6F}.Release|Any CPU.ActiveCfg = Release|Any CPU
		{224F08AA-BE60-4B49-877F-36F239C56F6F}.Release|Any CPU.Build.0 = Release|Any CPU
	EndGlobalSection
EndGlobal
