
Microsoft Visual Studio Solution File, Format Version 12.00
# Visual Studio Version 16
VisualStudioVersion = 16.0.30114.105
MinimumVisualStudioVersion = 10.0.40219.1
Project("{FAE04EC0-301F-11D3-BF4B-00C04F79EFBC}") = "Blackjack", "Blackjack.csproj", "{83253F48-9CCD-475C-A990-8703F1A2E31C}"
EndProject
Global
	GlobalSection(SolutionConfigurationPlatforms) = preSolution
		Debug|Any CPU = Debug|Any CPU
		Release|Any CPU = Release|Any CPU
	EndGlobalSection
	GlobalSection(SolutionProperties) = preSolution
		HideSolutionNode = FALSE
	EndGlobalSection
	GlobalSection(ProjectConfigurationPlatforms) = postSolution
		{83253F48-9CCD-475C-A990-8703F1A2E31C}.Debug|Any CPU.ActiveCfg = Debug|Any CPU
		{83253F48-9CCD-475C-A990-8703F1A2E31C}.Debug|Any CPU.Build.0 = Debug|Any CPU
		{83253F48-9CCD-475C-A990-8703F1A2E31C}.Release|Any CPU.ActiveCfg = Release|Any CPU
		{83253F48-9CCD-475C-A990-8703F1A2E31C}.Release|Any CPU.Build.0 = Release|Any CPU
	EndGlobalSection
EndGlobal
