
Microsoft Visual Studio Solution File, Format Version 12.00
# Visual Studio Version 16
VisualStudioVersion = 16.0.31321.278
MinimumVisualStudioVersion = 10.0.40219.1
Project("{9A19103F-16F7-4668-BE54-9A1E7A4F7556}") = "Game", "Game.csproj", "{8F7C450E-5F3A-45BA-9DB9-329744214931}"
EndProject
Global
	GlobalSection(SolutionConfigurationPlatforms) = preSolution
		Debug|Any CPU = Debug|Any CPU
		Release|Any CPU = Release|Any CPU
	EndGlobalSection
	GlobalSection(ProjectConfigurationPlatforms) = postSolution
		{8F7C450E-5F3A-45BA-9DB9-329744214931}.Debug|Any CPU.ActiveCfg = Debug|Any CPU
		{8F7C450E-5F3A-45BA-9DB9-329744214931}.Debug|Any CPU.Build.0 = Debug|Any CPU
		{8F7C450E-5F3A-45BA-9DB9-329744214931}.Release|Any CPU.ActiveCfg = Release|Any CPU
		{8F7C450E-5F3A-45BA-9DB9-329744214931}.Release|Any CPU.Build.0 = Release|Any CPU
	EndGlobalSection
	GlobalSection(SolutionProperties) = preSolution
		HideSolutionNode = FALSE
	EndGlobalSection
	GlobalSection(ExtensibilityGlobals) = postSolution
		SolutionGuid = {C5BFC749-C7D8-4981-A7D4-1D401901A890}
	EndGlobalSection
EndGlobal
