
Microsoft Visual Studio Solution File, Format Version 12.00
# Visual Studio Version 16
VisualStudioVersion = 16.0.30804.86
MinimumVisualStudioVersion = 10.0.40219.1
Project("{FAE04EC0-301F-11D3-BF4B-00C04F79EFBC}") = "FurTrader", "FurTrader.csproj", "{1FB826B9-8794-4DB7-B676-B51F177B7B87}"
EndProject
Global
	GlobalSection(SolutionConfigurationPlatforms) = preSolution
		Debug|Any CPU = Debug|Any CPU
		Release|Any CPU = Release|Any CPU
	EndGlobalSection
	GlobalSection(ProjectConfigurationPlatforms) = postSolution
		{1FB826B9-8794-4DB7-B676-B51F177B7B87}.Debug|Any CPU.ActiveCfg = Debug|Any CPU
		{1FB826B9-8794-4DB7-B676-B51F177B7B87}.Debug|Any CPU.Build.0 = Debug|Any CPU
		{1FB826B9-8794-4DB7-B676-B51F177B7B87}.Release|Any CPU.ActiveCfg = Release|Any CPU
		{1FB826B9-8794-4DB7-B676-B51F177B7B87}.Release|Any CPU.Build.0 = Release|Any CPU
	EndGlobalSection
	GlobalSection(SolutionProperties) = preSolution
		HideSolutionNode = FALSE
	EndGlobalSection
	GlobalSection(ExtensibilityGlobals) = postSolution
		SolutionGuid = {DDB24448-50EB-47C6-BDB9-465896A81779}
	EndGlobalSection
EndGlobal
