
Microsoft Visual Studio Solution File, Format Version 12.00
# Visual Studio Version 16
VisualStudioVersion = 16.0.31321.278
MinimumVisualStudioVersion = 10.0.40219.1
Project("{9A19103F-16F7-4668-BE54-9A1E7A4F7556}") = "Combat", "Combat.csproj", "{F7CEEC00-CF2C-436C-883B-55A20C21AB93}"
EndProject
Global
	GlobalSection(SolutionConfigurationPlatforms) = preSolution
		Debug|Any CPU = Debug|Any CPU
		Release|Any CPU = Release|Any CPU
	EndGlobalSection
	GlobalSection(ProjectConfigurationPlatforms) = postSolution
		{F7CEEC00-CF2C-436C-883B-55A20C21AB93}.Debug|Any CPU.ActiveCfg = Debug|Any CPU
		{F7CEEC00-CF2C-436C-883B-55A20C21AB93}.Debug|Any CPU.Build.0 = Debug|Any CPU
		{F7CEEC00-CF2C-436C-883B-55A20C21AB93}.Release|Any CPU.ActiveCfg = Release|Any CPU
		{F7CEEC00-CF2C-436C-883B-55A20C21AB93}.Release|Any CPU.Build.0 = Release|Any CPU
	EndGlobalSection
	GlobalSection(SolutionProperties) = preSolution
		HideSolutionNode = FALSE
	EndGlobalSection
	GlobalSection(ExtensibilityGlobals) = postSolution
		SolutionGuid = {1EBA7488-1DA6-4B0B-8234-F10A65E96BDB}
	EndGlobalSection
EndGlobal
