
Microsoft Visual Studio Solution File, Format Version 12.00
# Visual Studio Version 16
VisualStudioVersion = 16.0.31321.278
MinimumVisualStudioVersion = 10.0.40219.1
Project("{9A19103F-16F7-4668-BE54-9A1E7A4F7556}") = "Banner", "Banner.csproj", "{7E8612AB-AFFD-4F72-855F-8172786F28FD}"
EndProject
Global
	GlobalSection(SolutionConfigurationPlatforms) = preSolution
		Debug|Any CPU = Debug|Any CPU
		Release|Any CPU = Release|Any CPU
	EndGlobalSection
	GlobalSection(ProjectConfigurationPlatforms) = postSolution
		{7E8612AB-AFFD-4F72-855F-8172786F28FD}.Debug|Any CPU.ActiveCfg = Debug|Any CPU
		{7E8612AB-AFFD-4F72-855F-8172786F28FD}.Debug|Any CPU.Build.0 = Debug|Any CPU
		{7E8612AB-AFFD-4F72-855F-8172786F28FD}.Release|Any CPU.ActiveCfg = Release|Any CPU
		{7E8612AB-AFFD-4F72-855F-8172786F28FD}.Release|Any CPU.Build.0 = Release|Any CPU
	EndGlobalSection
	GlobalSection(SolutionProperties) = preSolution
		HideSolutionNode = FALSE
	EndGlobalSection
	GlobalSection(ExtensibilityGlobals) = postSolution
		SolutionGuid = {FF2A268C-9C4A-457F-8733-2E8931E07A1D}
	EndGlobalSection
EndGlobal
