
Microsoft Visual Studio Solution File, Format Version 12.00
# Visual Studio Version 16
VisualStudioVersion = 16.0.31129.286
MinimumVisualStudioVersion = 10.0.40219.1
Project("{9A19103F-16F7-4668-BE54-9A1E7A4F7556}") = "Game", "Game.csproj", "{20599300-7C6E-48A2-AB24-EC7CCF224A5C}"
EndProject
Global
	GlobalSection(SolutionConfigurationPlatforms) = preSolution
		Debug|Any CPU = Debug|Any CPU
		Release|Any CPU = Release|Any CPU
	EndGlobalSection
	GlobalSection(ProjectConfigurationPlatforms) = postSolution
		{20599300-7C6E-48A2-AB24-EC7CCF224A5C}.Debug|Any CPU.ActiveCfg = Debug|Any CPU
		{20599300-7C6E-48A2-AB24-EC7CCF224A5C}.Debug|Any CPU.Build.0 = Debug|Any CPU
		{20599300-7C6E-48A2-AB24-EC7CCF224A5C}.Release|Any CPU.ActiveCfg = Release|Any CPU
		{20599300-7C6E-48A2-AB24-EC7CCF224A5C}.Release|Any CPU.Build.0 = Release|Any CPU
	EndGlobalSection
	GlobalSection(SolutionProperties) = preSolution
		HideSolutionNode = FALSE
	EndGlobalSection
	GlobalSection(ExtensibilityGlobals) = postSolution
		SolutionGuid = {89DBE213-C0F0-4ABA-BB2D-5D9AAED41FF6}
	EndGlobalSection
EndGlobal
