
Microsoft Visual Studio Solution File, Format Version 12.00
# Visual Studio Version 16
VisualStudioVersion = 16.0.30114.105
MinimumVisualStudioVersion = 10.0.40219.1
Project("{FAE04EC0-301F-11D3-BF4B-00C04F79EFBC}") = "Salvo", "Salvo.csproj", "{F3AFBC83-22A7-4837-9DA3-F3EE854DD8CA}"
EndProject
Global
	GlobalSection(SolutionConfigurationPlatforms) = preSolution
		Debug|Any CPU = Debug|Any CPU
		Release|Any CPU = Release|Any CPU
	EndGlobalSection
	GlobalSection(SolutionProperties) = preSolution
		HideSolutionNode = FALSE
	EndGlobalSection
	GlobalSection(ProjectConfigurationPlatforms) = postSolution
		{F3AFBC83-22A7-4837-9DA3-F3EE854DD8CA}.Debug|Any CPU.ActiveCfg = Debug|Any CPU
		{F3AFBC83-22A7-4837-9DA3-F3EE854DD8CA}.Debug|Any CPU.Build.0 = Debug|Any CPU
		{F3AFBC83-22A7-4837-9DA3-F3EE854DD8CA}.Release|Any CPU.ActiveCfg = Release|Any CPU
		{F3AFBC83-22A7-4837-9DA3-F3EE854DD8CA}.Release|Any CPU.Build.0 = Release|Any CPU
	EndGlobalSection
EndGlobal
