
Microsoft Visual Studio Solution File, Format Version 12.00
# Visual Studio Version 16
VisualStudioVersion = 16.0.30907.101
MinimumVisualStudioVersion = 10.0.40219.1
Project("{9A19103F-16F7-4668-BE54-9A1E7A4F7556}") = "Animal", "Animal.csproj", "{D9A8DAB5-1B29-44A9-B13F-CED17B5A22B9}"
EndProject
Global
	GlobalSection(SolutionConfigurationPlatforms) = preSolution
		Debug|Any CPU = Debug|Any CPU
		Release|Any CPU = Release|Any CPU
	EndGlobalSection
	GlobalSection(ProjectConfigurationPlatforms) = postSolution
		{D9A8DAB5-1B29-44A9-B13F-CED17B5A22B9}.Debug|Any CPU.ActiveCfg = Debug|Any CPU
		{D9A8DAB5-1B29-44A9-B13F-CED17B5A22B9}.Debug|Any CPU.Build.0 = Debug|Any CPU
		{D9A8DAB5-1B29-44A9-B13F-CED17B5A22B9}.Release|Any CPU.ActiveCfg = Release|Any CPU
		{D9A8DAB5-1B29-44A9-B13F-CED17B5A22B9}.Release|Any CPU.Build.0 = Release|Any CPU
	EndGlobalSection
	GlobalSection(SolutionProperties) = preSolution
		HideSolutionNode = FALSE
	EndGlobalSection
	GlobalSection(ExtensibilityGlobals) = postSolution
		SolutionGuid = {064879D3-A288-4980-8DC4-59653D5EE2DD}
	EndGlobalSection
EndGlobal
