
Microsoft Visual Studio Solution File, Format Version 12.00
# Visual Studio Version 17
VisualStudioVersion = 17.0.32014.148
MinimumVisualStudioVersion = 10.0.40219.1
Project("{9A19103F-16F7-4668-BE54-9A1E7A4F7556}") = "FlipFlop", "FlipFlop.csproj", "{192EDAD4-5EF5-4B11-9EB3-B17FFAD0861F}"
EndProject
Global
	GlobalSection(SolutionConfigurationPlatforms) = preSolution
		Debug|Any CPU = Debug|Any CPU
		Release|Any CPU = Release|Any CPU
	EndGlobalSection
	GlobalSection(ProjectConfigurationPlatforms) = postSolution
		{192EDAD4-5EF5-4B11-9EB3-B17FFAD0861F}.Debug|Any CPU.ActiveCfg = Debug|Any CPU
		{192EDAD4-5EF5-4B11-9EB3-B17FFAD0861F}.Debug|Any CPU.Build.0 = Debug|Any CPU
		{192EDAD4-5EF5-4B11-9EB3-B17FFAD0861F}.Release|Any CPU.ActiveCfg = Release|Any CPU
		{192EDAD4-5EF5-4B11-9EB3-B17FFAD0861F}.Release|Any CPU.Build.0 = Release|Any CPU
	EndGlobalSection
	GlobalSection(SolutionProperties) = preSolution
		HideSolutionNode = FALSE
	EndGlobalSection
	GlobalSection(ExtensibilityGlobals) = postSolution
		SolutionGuid = {108E5099-D7AA-4260-B587-1B1FE1AF6B54}
	EndGlobalSection
EndGlobal
